{
  "version": 4,
  "terraform_version": "0.12.8",
  "serial": 8,
  "lineage": "d4f37bf9-4856-5b96-cbe3-abbb47083d23",
  "outputs": {
    "serverIp": {
      "value": "34.241.161.18",
      "type": "string"
    }
  },
  "resources": [
    {
      "mode": "data",
      "type": "template_file",
      "name": "start_script",
      "provider": "provider.template",
      "instances": [
        {
          "schema_version": 0,
          "attributes": {
            "filename": null,
            "id": "63673fd73fc1e4e8a5e9c072868da031c1bd17578e2138911f4cfc9e8033985d",
            "rendered": "#!/bin/bash \r\n\r\nsudo yum install docker -y \r\nsudo usermod -aG docker ec2-user\r\nsudo service docker start\r\nsudo docker run -d -p 80:8888 --name cloudlab jortizfdez/cloudlab",
            "template": "#!/bin/bash \r\n\r\nsudo yum install docker -y \r\nsudo usermod -aG docker ec2-user\r\nsudo service docker start\r\nsudo docker run -d -p 80:8888 --name cloudlab jortizfdez/cloudlab",
            "vars": null
          }
        }
      ]
    },
    {
      "mode": "managed",
      "type": "aws_instance",
      "name": "server",
      "provider": "provider.aws",
      "instances": [
        {
          "schema_version": 1,
          "attributes": {
            "ami": "ami-028188d9b49b32a80",
            "arn": "arn:aws:ec2:eu-west-1:311463399956:instance/i-00cfaedcecfde1ebc",
            "associate_public_ip_address": true,
            "availability_zone": "eu-west-1a",
            "cpu_core_count": 1,
            "cpu_threads_per_core": 1,
            "credit_specification": [
              {
                "cpu_credits": "standard"
              }
            ],
            "disable_api_termination": false,
            "ebs_block_device": [],
            "ebs_optimized": false,
            "ephemeral_block_device": [],
            "get_password_data": false,
            "host_id": null,
            "iam_instance_profile": "",
            "id": "i-00cfaedcecfde1ebc",
            "instance_initiated_shutdown_behavior": null,
            "instance_state": "running",
            "instance_type": "t2.micro",
            "ipv6_address_count": 0,
            "ipv6_addresses": [],
            "key_name": "javier",
            "monitoring": false,
            "network_interface": [],
            "network_interface_id": null,
            "password_data": "",
            "placement_group": "",
            "primary_network_interface_id": "eni-0e787fdd6bc88d2a8",
            "private_dns": "ip-172-31-13-108.eu-west-1.compute.internal",
            "private_ip": "172.31.13.108",
            "public_dns": "ec2-34-241-161-18.eu-west-1.compute.amazonaws.com",
            "public_ip": "34.241.161.18",
            "root_block_device": [
              {
                "delete_on_termination": true,
                "encrypted": false,
                "iops": 100,
                "kms_key_id": "",
                "volume_id": "vol-0c76d63c0c19ea806",
                "volume_size": 8,
                "volume_type": "gp2"
              }
            ],
            "security_groups": [
              "server-security-group"
            ],
            "source_dest_check": true,
            "subnet_id": "subnet-15d59573",
            "tags": null,
            "tenancy": "default",
            "timeouts": null,
            "user_data": "7dbc8dab2d821448c2475ab2d85b3ccc5dc64eb1",
            "user_data_base64": null,
            "volume_tags": {},
            "vpc_security_group_ids": [
              "sg-0493503966f6dc660"
            ]
          },
          "private": "eyJlMmJmYjczMC1lY2FhLTExZTYtOGY4OC0zNDM2M2JjN2M0YzAiOnsiY3JlYXRlIjo2MDAwMDAwMDAwMDAsImRlbGV0ZSI6MTIwMDAwMDAwMDAwMCwidXBkYXRlIjo2MDAwMDAwMDAwMDB9LCJzY2hlbWFfdmVyc2lvbiI6IjEifQ==",
          "depends_on": [
            "aws_security_group.server_sg",
            "data.template_file.start_script"
          ]
        }
      ]
    },
    {
      "mode": "managed",
      "type": "aws_security_group",
      "name": "server_sg",
      "provider": "provider.aws",
      "instances": [
        {
          "schema_version": 1,
          "attributes": {
            "arn": "arn:aws:ec2:eu-west-1:311463399956:security-group/sg-0493503966f6dc660",
            "description": "Managed by Terraform",
            "egress": [
              {
                "cidr_blocks": [
                  "0.0.0.0/0"
                ],
                "description": "",
                "from_port": 0,
                "ipv6_cidr_blocks": [],
                "prefix_list_ids": [],
                "protocol": "-1",
                "security_groups": [],
                "self": false,
                "to_port": 0
              }
            ],
            "id": "sg-0493503966f6dc660",
            "ingress": [
              {
                "cidr_blocks": [
                  "0.0.0.0/0"
                ],
                "description": "",
                "from_port": 22,
                "ipv6_cidr_blocks": [],
                "prefix_list_ids": [],
                "protocol": "tcp",
                "security_groups": [],
                "self": false,
                "to_port": 22
              },
              {
                "cidr_blocks": [
                  "0.0.0.0/0"
                ],
                "description": "",
                "from_port": 80,
                "ipv6_cidr_blocks": [],
                "prefix_list_ids": [],
                "protocol": "tcp",
                "security_groups": [],
                "self": false,
                "to_port": 80
              }
            ],
            "name": "server-security-group",
            "name_prefix": null,
            "owner_id": "311463399956",
            "revoke_rules_on_delete": false,
            "tags": {},
            "timeouts": null,
            "vpc_id": "vpc-d26274b4"
          },
          "private": "eyJlMmJmYjczMC1lY2FhLTExZTYtOGY4OC0zNDM2M2JjN2M0YzAiOnsiY3JlYXRlIjo2MDAwMDAwMDAwMDAsImRlbGV0ZSI6NjAwMDAwMDAwMDAwfSwic2NoZW1hX3ZlcnNpb24iOiIxIn0="
        }
      ]
    }
  ]
}
